
Microsoft Visual Studio Solution File, Format Version 12.00
# Visual Studio Version 17
VisualStudioVersion = 17.3.32929.385
MinimumVisualStudioVersion = 10.0.40219.1
Project("{2150E333-8FDC-42A3-9474-1A3956D46DE8}") = "FrontEnd", "FrontEnd", "{61A630AD-A96B-42C3-BA44-AC09AAB8450E}"
EndProject
Project("{2150E333-8FDC-42A3-9474-1A3956D46DE8}") = "Services", "Services", "{27D0DD15-CFF4-4E42-A4EE-C2A5088CF554}"
EndProject
Project("{9A19103F-16F7-4668-BE54-9A1E7A4F7556}") = "GeekShopping.Web", "GeekShopping.Web\GeekShopping.Web.csproj", "{D0FB5B47-84DB-4FB5-842E-DBCA967180BC}"
EndProject
Project("{9A19103F-16F7-4668-BE54-9A1E7A4F7556}") = "GeekShoppin.ProductAPI", "GeekShoppin.ProductAPI\GeekShoppin.ProductAPI.csproj", "{F88D44BD-6D1D-478E-84E4-3A7B631533F1}"
EndProject
Project("{9A19103F-16F7-4668-BE54-9A1E7A4F7556}") = "GeekShopping.IdentityServer", "GeekShopping.IdentityServer\GeekShopping.IdentityServer.csproj", "{9B81EEBE-B96C-461A-A723-C58A99A87367}"
EndProject
Project("{9A19103F-16F7-4668-BE54-9A1E7A4F7556}") = "GeekShopping.CartAPI", "GeekShopping.CartAPI\GeekShopping.CartAPI.csproj", "{57AE4885-924D-4EA1-B034-35974A9387B6}"
EndProject
Project("{9A19103F-16F7-4668-BE54-9A1E7A4F7556}") = "GeekShopping.CouponAPI", "GeekShopping.CouponAPI\GeekShopping.CouponAPI.csproj", "{4AE7D155-7A0D-47D3-BB07-0D9F5F5684CC}"
EndProject
Project("{2150E333-8FDC-42A3-9474-1A3956D46DE8}") = "Integration", "Integration", "{9D74B5BB-8123-45AC-8489-2EBF91FB70C8}"
EndProject
Project("{9A19103F-16F7-4668-BE54-9A1E7A4F7556}") = "GeekShopping.MessageBus", "GeekShopping.MessageBus\GeekShopping.MessageBus.csproj", "{0D163700-4CB8-43C8-8E69-04396CDC7331}"
EndProject
Project("{FAE04EC0-301F-11D3-BF4B-00C04F79EFBC}") = "GeekShopping.OrderAPI", "GeekShopping.OrderAPI\GeekShopping.OrderAPI.csproj", "{C7937DA5-4F1C-4676-A4FA-13A0AE8AC7AF}"
EndProject
Global
	GlobalSection(SolutionConfigurationPlatforms) = preSolution
		Debug|Any CPU = Debug|Any CPU
		Release|Any CPU = Release|Any CPU
	EndGlobalSection
	GlobalSection(ProjectConfigurationPlatforms) = postSolution
		{D0FB5B47-84DB-4FB5-842E-DBCA967180BC}.Debug|Any CPU.ActiveCfg = Debug|Any CPU
		{D0FB5B47-84DB-4FB5-842E-DBCA967180BC}.Debug|Any CPU.Build.0 = Debug|Any CPU
		{D0FB5B47-84DB-4FB5-842E-DBCA967180BC}.Release|Any CPU.ActiveCfg = Release|Any CPU
		{D0FB5B47-84DB-4FB5-842E-DBCA967180BC}.Release|Any CPU.Build.0 = Release|Any CPU
		{F88D44BD-6D1D-478E-84E4-3A7B631533F1}.Debug|Any CPU.ActiveCfg = Debug|Any CPU
		{F88D44BD-6D1D-478E-84E4-3A7B631533F1}.Debug|Any CPU.Build.0 = Debug|Any CPU
		{F88D44BD-6D1D-478E-84E4-3A7B631533F1}.Release|Any CPU.ActiveCfg = Release|Any CPU
		{F88D44BD-6D1D-478E-84E4-3A7B631533F1}.Release|Any CPU.Build.0 = Release|Any CPU
		{9B81EEBE-B96C-461A-A723-C58A99A87367}.Debug|Any CPU.ActiveCfg = Debug|Any CPU
		{9B81EEBE-B96C-461A-A723-C58A99A87367}.Debug|Any CPU.Build.0 = Debug|Any CPU
		{9B81EEBE-B96C-461A-A723-C58A99A87367}.Release|Any CPU.ActiveCfg = Release|Any CPU
		{9B81EEBE-B96C-461A-A723-C58A99A87367}.Release|Any CPU.Build.0 = Release|Any CPU
		{57AE4885-924D-4EA1-B034-35974A9387B6}.Debug|Any CPU.ActiveCfg = Debug|Any CPU
		{57AE4885-924D-4EA1-B034-35974A9387B6}.Debug|Any CPU.Build.0 = Debug|Any CPU
		{57AE4885-924D-4EA1-B034-35974A9387B6}.Release|Any CPU.ActiveCfg = Release|Any CPU
		{57AE4885-924D-4EA1-B034-35974A9387B6}.Release|Any CPU.Build.0 = Release|Any CPU
		{4AE7D155-7A0D-47D3-BB07-0D9F5F5684CC}.Debug|Any CPU.ActiveCfg = Debug|Any CPU
		{4AE7D155-7A0D-47D3-BB07-0D9F5F5684CC}.Debug|Any CPU.Build.0 = Debug|Any CPU
		{4AE7D155-7A0D-47D3-BB07-0D9F5F5684CC}.Release|Any CPU.ActiveCfg = Release|Any CPU
		{4AE7D155-7A0D-47D3-BB07-0D9F5F5684CC}.Release|Any CPU.Build.0 = Release|Any CPU
		{0D163700-4CB8-43C8-8E69-04396CDC7331}.Debug|Any CPU.ActiveCfg = Debug|Any CPU
		{0D163700-4CB8-43C8-8E69-04396CDC7331}.Debug|Any CPU.Build.0 = Debug|Any CPU
		{0D163700-4CB8-43C8-8E69-04396CDC7331}.Release|Any CPU.ActiveCfg = Release|Any CPU
		{0D163700-4CB8-43C8-8E69-04396CDC7331}.Release|Any CPU.Build.0 = Release|Any CPU
		{C7937DA5-4F1C-4676-A4FA-13A0AE8AC7AF}.Debug|Any CPU.ActiveCfg = Debug|Any CPU
		{C7937DA5-4F1C-4676-A4FA-13A0AE8AC7AF}.Debug|Any CPU.Build.0 = Debug|Any CPU
		{C7937DA5-4F1C-4676-A4FA-13A0AE8AC7AF}.Release|Any CPU.ActiveCfg = Release|Any CPU
		{C7937DA5-4F1C-4676-A4FA-13A0AE8AC7AF}.Release|Any CPU.Build.0 = Release|Any CPU
	EndGlobalSection
	GlobalSection(SolutionProperties) = preSolution
		HideSolutionNode = FALSE
	EndGlobalSection
	GlobalSection(NestedProjects) = preSolution
		{D0FB5B47-84DB-4FB5-842E-DBCA967180BC} = {61A630AD-A96B-42C3-BA44-AC09AAB8450E}
		{F88D44BD-6D1D-478E-84E4-3A7B631533F1} = {27D0DD15-CFF4-4E42-A4EE-C2A5088CF554}
		{9B81EEBE-B96C-461A-A723-C58A99A87367} = {27D0DD15-CFF4-4E42-A4EE-C2A5088CF554}
		{57AE4885-924D-4EA1-B034-35974A9387B6} = {27D0DD15-CFF4-4E42-A4EE-C2A5088CF554}
		{4AE7D155-7A0D-47D3-BB07-0D9F5F5684CC} = {27D0DD15-CFF4-4E42-A4EE-C2A5088CF554}
		{0D163700-4CB8-43C8-8E69-04396CDC7331} = {9D74B5BB-8123-45AC-8489-2EBF91FB70C8}
		{C7937DA5-4F1C-4676-A4FA-13A0AE8AC7AF} = {27D0DD15-CFF4-4E42-A4EE-C2A5088CF554}
	EndGlobalSection
	GlobalSection(ExtensibilityGlobals) = postSolution
		SolutionGuid = {59D9CA1D-BAF6-45CD-BBCE-CB131817E918}
	EndGlobalSection
EndGlobal
